PODS:
  - Flutter (1.0.0)
  - flutter_ua (2.0.0):
    - Flutter

DEPENDENCIES:
  - Flutter (from `Flutter`)
  - flutter_ua (from `.symlinks/plugins/flutter_ua/ios`)

EXTERNAL SOURCES:
  Flutter:
    :path: Flutter
  flutter_ua:
    :path: ".symlinks/plugins/flutter_ua/ios"

SPEC CHECKSUMS:
  Flutter: cabc95a1d2626b1b06e7179b784ebcf0c0cde467
  flutter_ua: 35ef17c71930351ac6b126915dec997f60790e13

PODFILE CHECKSUM: 1a782344d33c12ced0182eeab11e8668d253eb48

COCOAPODS: 1.16.2
